
Microsoft Visual Studio Solution File, Format Version 12.00
# Visual Studio Version 16
VisualStudioVersion = 16.0.31624.102
MinimumVisualStudioVersion = 10.0.40219.1
Project("{FAE04EC0-301F-11D3-BF4B-00C04F79EFBC}") = "Sion.Useful", "Sion.Useful\Sion.Useful.csproj", "{15F1F65A-AFFF-4CE7-A3C6-B8F1D0D60AE9}"
EndProject
Global
	GlobalSection(SolutionConfigurationPlatforms) = preSolution
		Debug|Any CPU = Debug|Any CPU
		Release|Any CPU = Release|Any CPU
	EndGlobalSection
	GlobalSection(ProjectConfigurationPlatforms) = postSolution
		{15F1F65A-AFFF-4CE7-A3C6-B8F1D0D60AE9}.Debug|Any CPU.ActiveCfg = Debug|Any CPU
		{15F1F65A-AFFF-4CE7-A3C6-B8F1D0D60AE9}.Debug|Any CPU.Build.0 = Debug|Any CPU
		{15F1F65A-AFFF-4CE7-A3C6-B8F1D0D60AE9}.Release|Any CPU.ActiveCfg = Release|Any CPU
		{15F1F65A-AFFF-4CE7-A3C6-B8F1D0D60AE9}.Release|Any CPU.Build.0 = Release|Any CPU
	EndGlobalSection
	GlobalSection(SolutionProperties) = preSolution
		HideSolutionNode = FALSE
	EndGlobalSection
	GlobalSection(ExtensibilityGlobals) = postSolution
		SolutionGuid = {212BE63F-5F6F-483E-A972-FB47C44E4EEF}
	EndGlobalSection
EndGlobal
