
Microsoft Visual Studio Solution File, Format Version 12.00
# Visual Studio Version 17
VisualStudioVersion = 17.5.33414.496
MinimumVisualStudioVersion = 10.0.40219.1
Project("{9A19103F-16F7-4668-BE54-9A1E7A4F7556}") = "Sion.Useful", "Sion.Useful\Sion.Useful.csproj", "{15F1F65A-AFFF-4CE7-A3C6-B8F1D0D60AE9}"
EndProject
Project("{FAE04EC0-301F-11D3-BF4B-00C04F79EFBC}") = "Graphs", "Graphs\Graphs.csproj", "{B9D7B017-4DF1-4FB8-A07F-EFEA899AF3EC}"
EndProject
Project("{FAE04EC0-301F-11D3-BF4B-00C04F79EFBC}") = "Math", "Math\Math.csproj", "{1183F68B-11E8-4CBE-B62A-4E8B5985A542}"
EndProject
Project("{FAE04EC0-301F-11D3-BF4B-00C04F79EFBC}") = "Tests", "Tests\Tests.csproj", "{72093531-9CF0-447F-8C2E-7154EE7FBF67}"
EndProject
Global
	GlobalSection(SolutionConfigurationPlatforms) = preSolution
		Debug|Any CPU = Debug|Any CPU
		Release|Any CPU = Release|Any CPU
	EndGlobalSection
	GlobalSection(ProjectConfigurationPlatforms) = postSolution
		{15F1F65A-AFFF-4CE7-A3C6-B8F1D0D60AE9}.Debug|Any CPU.ActiveCfg = Debug|Any CPU
		{15F1F65A-AFFF-4CE7-A3C6-B8F1D0D60AE9}.Debug|Any CPU.Build.0 = Debug|Any CPU
		{15F1F65A-AFFF-4CE7-A3C6-B8F1D0D60AE9}.Release|Any CPU.ActiveCfg = Release|Any CPU
		{15F1F65A-AFFF-4CE7-A3C6-B8F1D0D60AE9}.Release|Any CPU.Build.0 = Release|Any CPU
		{B9D7B017-4DF1-4FB8-A07F-EFEA899AF3EC}.Debug|Any CPU.ActiveCfg = Debug|Any CPU
		{B9D7B017-4DF1-4FB8-A07F-EFEA899AF3EC}.Debug|Any CPU.Build.0 = Debug|Any CPU
		{B9D7B017-4DF1-4FB8-A07F-EFEA899AF3EC}.Release|Any CPU.ActiveCfg = Release|Any CPU
		{B9D7B017-4DF1-4FB8-A07F-EFEA899AF3EC}.Release|Any CPU.Build.0 = Release|Any CPU
		{1183F68B-11E8-4CBE-B62A-4E8B5985A542}.Debug|Any CPU.ActiveCfg = Debug|Any CPU
		{1183F68B-11E8-4CBE-B62A-4E8B5985A542}.Debug|Any CPU.Build.0 = Debug|Any CPU
		{1183F68B-11E8-4CBE-B62A-4E8B5985A542}.Release|Any CPU.ActiveCfg = Release|Any CPU
		{1183F68B-11E8-4CBE-B62A-4E8B5985A542}.Release|Any CPU.Build.0 = Release|Any CPU
		{72093531-9CF0-447F-8C2E-7154EE7FBF67}.Debug|Any CPU.ActiveCfg = Debug|Any CPU
		{72093531-9CF0-447F-8C2E-7154EE7FBF67}.Debug|Any CPU.Build.0 = Debug|Any CPU
		{72093531-9CF0-447F-8C2E-7154EE7FBF67}.Release|Any CPU.ActiveCfg = Release|Any CPU
	EndGlobalSection
	GlobalSection(SolutionProperties) = preSolution
		HideSolutionNode = FALSE
	EndGlobalSection
	GlobalSection(ExtensibilityGlobals) = postSolution
		SolutionGuid = {212BE63F-5F6F-483E-A972-FB47C44E4EEF}
	EndGlobalSection
EndGlobal
